// !$*UTF8*$!
{
	archiveVersion = 1;
	classes = {
	};
	objectVersion = 50;
	objects = {

/* Begin PBXBuildFile section */
		01F858D323B5104300DAD042 /* AppDelegate.swift in Sources */ = {isa = PBXBuildFile; fileRef = 01F858D223B5104300DAD042 /* AppDelegate.swift */; };
		01F858D523B5104300DAD042 /* SceneDelegate.swift in Sources */ = {isa = PBXBuildFile; fileRef = 01F858D423B5104300DAD042 /* SceneDelegate.swift */; };
		01F858D723B5104300DAD042 /* ViewController.swift in Sources */ = {isa = PBXBuildFile; fileRef = 01F858D623B5104300DAD042 /* ViewController.swift */; };
		01F858DA23B5104300DAD042 /* Main.storyboard in Resources */ = {isa = PBXBuildFile; fileRef = 01F858D823B5104300DAD042 /* Main.storyboard */; };
		01F858DD23B5104300DAD042 /* PickerView.xcdatamodeld in Sources */ = {isa = PBXBuildFile; fileRef = 01F858DB23B5104300DAD042 /* PickerView.xcdatamodeld */; };
		01F858DF23B5104400DAD042 /* Assets.xcassets in Resources */ = {isa = PBXBuildFile; fileRef = 01F858DE23B5104400DAD042 /* Assets.xcassets */; };
		01F858E223B5104400DAD042 /* LaunchScreen.storyboard in Resources */ = {isa = PBXBuildFile; fileRef = 01F858E023B5104400DAD042 /* LaunchScreen.storyboard */; };
		01F858ED23B5104400DAD042 /* PickerViewTests.swift in Sources */ = {isa = PBXBuildFile; fileRef = 01F858EC23B5104400DAD042 /* PickerViewTests.swift */; };
		01F858F823B5104400DAD042 /* PickerViewUITests.swift in Sources */ = {isa = PBXBuildFile; fileRef = 01F858F723B5104400DAD042 /* PickerViewUITests.swift */; };
/* End PBXBuildFile section */

/* Begin PBXContainerItemProxy section */
		01F858E923B5104400DAD042 /* PBXContainerItemProxy */ = {
			isa = PBXContainerItemProxy;
			containerPortal = 01F858C723B5104300DAD042 /* Project object */;
			proxyType = 1;
			remoteGlobalIDString = 01F858CE23B5104300DAD042;
			remoteInfo = PickerView;
		};
		01F858F423B5104400DAD042 /* PBXContainerItemProxy */ = {
			isa = PBXContainerItemProxy;
			containerPortal = 01F858C723B5104300DAD042 /* Project object */;
			proxyType = 1;
			remoteGlobalIDString = 01F858CE23B5104300DAD042;
			remoteInfo = PickerView;
		};
/* End PBXContainerItemProxy section */

/* Begin PBXFileReference section */
		01F858CF23B5104300DAD042 /* PickerView.app */ = {isa = PBXFileReference; explicitFileType = wrapper.application; includeInIndex = 0; path = PickerView.app; sourceTree = BUILT_PRODUCTS_DIR; };
		01F858D223B5104300DAD042 /* AppDelegate.swift */ = {isa = PBXFileReference; lastKnownFileType = sourcecode.swift; path = AppDelegate.swift; sourceTree = "<group>"; };
		01F858D423B5104300DAD042 /* SceneDelegate.swift */ = {isa = PBXFileReference; lastKnownFileType = sourcecode.swift; path = SceneDelegate.swift; sourceTree = "<group>"; };
		01F858D623B5104300DAD042 /* ViewController.swift */ = {isa = PBXFileReference; lastKnownFileType = sourcecode.swift; path = ViewController.swift; sourceTree = "<group>"; };
		01F858D923B5104300DAD042 /* Base */ = {isa = PBXFileReference; lastKnownFileType = file.storyboard; name = Base; path = Base.lproj/Main.storyboard; sourceTree = "<group>"; };
		01F858DC23B5104300DAD042 /* PickerView.xcdatamodel */ = {isa = PBXFileReference; lastKnownFileType = wrapper.xcdatamodel; path = PickerView.xcdatamodel; sourceTree = "<group>"; };
		01F858DE23B5104400DAD042 /* Assets.xcassets */ = {isa = PBXFileReference; lastKnownFileType = folder.assetcatalog; path = Assets.xcassets; sourceTree = "<group>"; };
		01F858E123B5104400DAD042 /* Base */ = {isa = PBXFileReference; lastKnownFileType = file.storyboard; name = Base; path = Base.lproj/LaunchScreen.storyboard; sourceTree = "<group>"; };
		01F858E323B5104400DAD042 /* Info.plist */ = {isa = PBXFileReference; lastKnownFileType = text.plist.xml; path = Info.plist; sourceTree = "<group>"; };
		01F858E823B5104400DAD042 /* PickerViewTests.xctest */ = {isa = PBXFileReference; explicitFileType = wrapper.cfbundle; includeInIndex = 0; path = PickerViewTests.xctest; sourceTree = BUILT_PRODUCTS_DIR; };
		01F858EC23B5104400DAD042 /* PickerViewTests.swift */ = {isa = PBXFileReference; lastKnownFileType = sourcecode.swift; path = PickerViewTests.swift; sourceTree = "<group>"; };
		01F858EE23B5104400DAD042 /* Info.plist */ = {isa = PBXFileReference; lastKnownFileType = text.plist.xml; path = Info.plist; sourceTree = "<group>"; };
		01F858F323B5104400DAD042 /* PickerViewUITests.xctest */ = {isa = PBXFileReference; explicitFileType = wrapper.cfbundle; includeInIndex = 0; path = PickerViewUITests.xctest; sourceTree = BUILT_PRODUCTS_DIR; };
		01F858F723B5104400DAD042 /* PickerViewUITests.swift */ = {isa = PBXFileReference; lastKnownFileType = sourcecode.swift; path = PickerViewUITests.swift; sourceTree = "<group>"; };
		01F858F923B5104400DAD042 /* Info.plist */ = {isa = PBXFileReference; lastKnownFileType = text.plist.xml; path = Info.plist; sourceTree = "<group>"; };
/* End PBXFileReference section */

/* Begin PBXFrameworksBuildPhase section */
		01F858CC23B5104300DAD042 /* Frameworks */ = {
			isa = PBXFrameworksBuildPhase;
			buildActionMask = 2147483647;
			files = (
			);
			runOnlyForDeploymentPostprocessing = 0;
		};
		01F858E523B5104400DAD042 /* Frameworks */ = {
			isa = PBXFrameworksBuildPhase;
			buildActionMask = 2147483647;
			files = (
			);
			runOnlyForDeploymentPostprocessing = 0;
		};
		01F858F023B5104400DAD042 /* Frameworks */ = {
			isa = PBXFrameworksBuildPhase;
			buildActionMask = 2147483647;
			files = (
			);
			runOnlyForDeploymentPostprocessing = 0;
		};
/* End PBXFrameworksBuildPhase section */

/* Begin PBXGroup section */
		01F858C623B5104300DAD042 = {
			isa = PBXGroup;
			children = (
				01F858D123B5104300DAD042 /* PickerView */,
				01F858EB23B5104400DAD042 /* PickerViewTests */,
				01F858F623B5104400DAD042 /* PickerViewUITests */,
				01F858D023B5104300DAD042 /* Products */,
			);
			sourceTree = "<group>";
		};
		01F858D023B5104300DAD042 /* Products */ = {
			isa = PBXGroup;
			children = (
				01F858CF23B5104300DAD042 /* PickerView.app */,
				01F858E823B5104400DAD042 /* PickerViewTests.xctest */,
				01F858F323B5104400DAD042 /* PickerViewUITests.xctest */,
			);
			name = Products;
			sourceTree = "<group>";
		};
		01F858D123B5104300DAD042 /* PickerView */ = {
			isa = PBXGroup;
			children = (
				01F858D223B5104300DAD042 /* AppDelegate.swift */,
				01F858D423B5104300DAD042 /* SceneDelegate.swift */,
				01F858D623B5104300DAD042 /* ViewController.swift */,
				01F858D823B5104300DAD042 /* Main.storyboard */,
				01F858DE23B5104400DAD042 /* Assets.xcassets */,
				01F858E023B5104400DAD042 /* LaunchScreen.storyboard */,
				01F858E323B5104400DAD042 /* Info.plist */,
				01F858DB23B5104300DAD042 /* PickerView.xcdatamodeld */,
			);
			path = PickerView;
			sourceTree = "<group>";
		};
		01F858EB23B5104400DAD042 /* PickerViewTests */ = {
			isa = PBXGroup;
			children = (
				01F858EC23B5104400DAD042 /* PickerViewTests.swift */,
				01F858EE23B5104400DAD042 /* Info.plist */,
			);
			path = PickerViewTests;
			sourceTree = "<group>";
		};
		01F858F623B5104400DAD042 /* PickerViewUITests */ = {
			isa = PBXGroup;
			children = (
				01F858F723B5104400DAD042 /* PickerViewUITests.swift */,
				01F858F923B5104400DAD042 /* Info.plist */,
			);
			path = PickerViewUITests;
			sourceTree = "<group>";
		};
/* End PBXGroup section */

/* Begin PBXNativeTarget section */
		01F858CE23B5104300DAD042 /* PickerView */ = {
			isa = PBXNativeTarget;
			buildConfigurationList = 01F858FC23B5104400DAD042 /* Build configuration list for PBXNativeTarget "PickerView" */;
			buildPhases = (
				01F858CB23B5104300DAD042 /* Sources */,
				01F858CC23B5104300DAD042 /* Frameworks */,
				01F858CD23B5104300DAD042 /* Resources */,
			);
			buildRules = (
			);
			dependencies = (
			);
			name = PickerView;
			productName = PickerView;
			productReference = 01F858CF23B5104300DAD042 /* PickerView.app */;
			productType = "com.apple.product-type.application";
		};
		01F858E723B5104400DAD042 /* PickerViewTests */ = {
			isa = PBXNativeTarget;
			buildConfigurationList = 01F858FF23B5104400DAD042 /* Build configuration list for PBXNativeTarget "PickerViewTests" */;
			buildPhases = (
				01F858E423B5104400DAD042 /* Sources */,
				01F858E523B5104400DAD042 /* Frameworks */,
				01F858E623B5104400DAD042 /* Resources */,
			);
			buildRules = (
			);
			dependencies = (
				01F858EA23B5104400DAD042 /* PBXTargetDependency */,
			);
			name = PickerViewTests;
			productName = PickerViewTests;
			productReference = 01F858E823B5104400DAD042 /* PickerViewTests.xctest */;
			productType = "com.apple.product-type.bundle.unit-test";
		};
		01F858F223B5104400DAD042 /* PickerViewUITests */ = {
			isa = PBXNativeTarget;
			buildConfigurationList = 01F8590223B5104400DAD042 /* Build configuration list for PBXNativeTarget "PickerViewUITests" */;
			buildPhases = (
				01F858EF23B5104400DAD042 /* Sources */,
				01F858F023B5104400DAD042 /* Frameworks */,
				01F858F123B5104400DAD042 /* Resources */,
			);
			buildRules = (
			);
			dependencies = (
				01F858F523B5104400DAD042 /* PBXTargetDependency */,
			);
			name = PickerViewUITests;
			productName = PickerViewUITests;
			productReference = 01F858F323B5104400DAD042 /* PickerViewUITests.xctest */;
			productType = "com.apple.product-type.bundle.ui-testing";
		};
/* End PBXNativeTarget section */

/* Begin PBXProject section */
		01F858C723B5104300DAD042 /* Project object */ = {
			isa = PBXProject;
			attributes = {
				LastSwiftUpdateCheck = 1130;
				LastUpgradeCheck = 1130;
				ORGANIZATIONNAME = priya;
				TargetAttributes = {
					01F858CE23B5104300DAD042 = {
						CreatedOnToolsVersion = 11.3;
					};
					01F858E723B5104400DAD042 = {
						CreatedOnToolsVersion = 11.3;
						TestTargetID = 01F858CE23B5104300DAD042;
					};
					01F858F223B5104400DAD042 = {
						CreatedOnToolsVersion = 11.3;
						TestTargetID = 01F858CE23B5104300DAD042;
					};
				};
			};
			buildConfigurationList = 01F858CA23B5104300DAD042 /* Build configuration list for PBXProject "PickerView" */;
			compatibilityVersion = "Xcode 9.3";
			developmentRegion = en;
			hasScannedForEncodings = 0;
			knownRegions = (
				en,
				Base,
			);
			mainGroup = 01F858C623B5104300DAD042;
			productRefGroup = 01F858D023B5104300DAD042 /* Products */;
			projectDirPath = "";
			projectRoot = "";
			targets = (
				01F858CE23B5104300DAD042 /* PickerView */,
				01F858E723B5104400DAD042 /* PickerViewTests */,
				01F858F223B5104400DAD042 /* PickerViewUITests */,
			);
		};
/* End PBXProject section */

/* Begin PBXResourcesBuildPhase section */
		01F858CD23B5104300DAD042 /* Resources */ = {
			isa = PBXResourcesBuildPhase;
			buildActionMask = 2147483647;
			files = (
				01F858E223B5104400DAD042 /* LaunchScreen.storyboard in Resources */,
				01F858DF23B5104400DAD042 /* Assets.xcassets in Resources */,
				01F858DA23B5104300DAD042 /* Main.storyboard in Resources */,
			);
			runOnlyForDeploymentPostprocessing = 0;
		};
		01F858E623B5104400DAD042 /* Resources */ = {
			isa = PBXResourcesBuildPhase;
			buildActionMask = 2147483647;
			files = (
			);
			runOnlyForDeploymentPostprocessing = 0;
		};
		01F858F123B5104400DAD042 /* Resources */ = {
			isa = PBXResourcesBuildPhase;
			buildActionMask = 2147483647;
			files = (
			);
			runOnlyForDeploymentPostprocessing = 0;
		};
/* End PBXResourcesBuildPhase section */

/* Begin PBXSourcesBuildPhase section */
		01F858CB23B5104300DAD042 /* Sources */ = {
			isa = PBXSourcesBuildPhase;
			buildActionMask = 2147483647;
			files = (
				01F858DD23B5104300DAD042 /* PickerView.xcdatamodeld in Sources */,
				01F858D723B5104300DAD042 /* ViewController.swift in Sources */,
				01F858D323B5104300DAD042 /* AppDelegate.swift in Sources */,
				01F858D523B5104300DAD042 /* SceneDelegate.swift in Sources */,
			);
			runOnlyForDeploymentPostprocessing = 0;
		};
		01F858E423B5104400DAD042 /* Sources */ = {
			isa = PBXSourcesBuildPhase;
			buildActionMask = 2147483647;
			files = (
				01F858ED23B5104400DAD042 /* PickerViewTests.swift in Sources */,
			);
			runOnlyForDeploymentPostprocessing = 0;
		};
		01F858EF23B5104400DAD042 /* Sources */ = {
			isa = PBXSourcesBuildPhase;
			buildActionMask = 2147483647;
			files = (
				01F858F823B5104400DAD042 /* PickerViewUITests.swift in Sources */,
			);
			runOnlyForDeploymentPostprocessing = 0;
		};
/* End PBXSourcesBuildPhase section */

/* Begin PBXTargetDependency section */
		01F858EA23B5104400DAD042 /* PBXTargetDependency */ = {
			isa = PBXTargetDependency;
			target = 01F858CE23B5104300DAD042 /* PickerView */;
			targetProxy = 01F858E923B5104400DAD042 /* PBXContainerItemProxy */;
		};
		01F858F523B5104400DAD042 /* PBXTargetDependency */ = {
			isa = PBXTargetDependency;
			target = 01F858CE23B5104300DAD042 /* PickerView */;
			targetProxy = 01F858F423B5104400DAD042 /* PBXContainerItemProxy */;
		};
/* End PBXTargetDependency section */

/* Begin PBXVariantGroup section */
		01F858D823B5104300DAD042 /* Main.storyboard */ = {
			isa = PBXVariantGroup;
			children = (
				01F858D923B5104300DAD042 /* Base */,
			);
			name = Main.storyboard;
			sourceTree = "<group>";
		};
		01F858E023B5104400DAD042 /* LaunchScreen.storyboard */ = {
			isa = PBXVariantGroup;
			children = (
				01F858E123B5104400DAD042 /* Base */,
			);
			name = LaunchScreen.storyboard;
			sourceTree = "<group>";
		};
/* End PBXVariantGroup section */

/* Begin XCBuildConfiguration section */
		01F858FA23B5104400DAD042 /* Debug */ = {
			isa = XCBuildConfiguration;
			buildSettings = {
				ALWAYS_SEARCH_USER_PATHS = NO;
				CLANG_ANALYZER_NONNULL = YES;
				CLANG_ANALYZER_NUMBER_OBJECT_CONVERSION = YES_AGGRESSIVE;
				CLANG_CXX_LANGUAGE_STANDARD = "gnu++14";
				CLANG_CXX_LIBRARY = "libc++";
				CLANG_ENABLE_MODULES = YES;
				CLANG_ENABLE_OBJC_ARC = YES;
				CLANG_ENABLE_OBJC_WEAK = YES;
				CLANG_WARN_BLOCK_CAPTURE_AUTORELEASING = YES;
				CLANG_WARN_BOOL_CONVERSION = YES;
				CLANG_WARN_COMMA = YES;
				CLANG_WARN_CONSTANT_CONVERSION = YES;
				CLANG_WARN_DEPRECATED_OBJC_IMPLEMENTATIONS = YES;
				CLANG_WARN_DIRECT_OBJC_ISA_USAGE = YES_ERROR;
				CLANG_WARN_DOCUMENTATION_COMMENTS = YES;
				CLANG_WARN_EMPTY_BODY = YES;
				CLANG_WARN_ENUM_CONVERSION = YES;
				CLANG_WARN_INFINITE_RECURSION = YES;
				CLANG_WARN_INT_CONVERSION = YES;
				CLANG_WARN_NON_LITERAL_NULL_CONVERSION = YES;
				CLANG_WARN_OBJC_IMPLICIT_RETAIN_SELF = YES;
				CLANG_WARN_OBJC_LITERAL_CONVERSION = YES;
				CLANG_WARN_OBJC_ROOT_CLASS = YES_ERROR;
				CLANG_WARN_RANGE_LOOP_ANALYSIS = YES;
				CLANG_WARN_STRICT_PROTOTYPES = YES;
				CLANG_WARN_SUSPICIOUS_MOVE = YES;
				CLANG_WARN_UNGUARDED_AVAILABILITY = YES_AGGRESSIVE;
				CLANG_WARN_UNREACHABLE_CODE = YES;
				CLANG_WARN__DUPLICATE_METHOD_MATCH = YES;
				COPY_PHASE_STRIP = NO;
				DEBUG_INFORMATION_FORMAT = dwarf;
				ENABLE_STRICT_OBJC_MSGSEND = YES;
				ENABLE_TESTABILITY = YES;
				GCC_C_LANGUAGE_STANDARD = gnu11;
				GCC_DYNAMIC_NO_PIC = NO;
				GCC_NO_COMMON_BLOCKS = YES;
				GCC_OPTIMIZATION_LEVEL = 0;
				GCC_PREPROCESSOR_DEFINITIONS = (
					"DEBUG=1",
					"$(inherited)",
				);
				GCC_WARN_64_TO_32_BIT_CONVERSION = YES;
				GCC_WARN_ABOUT_RETURN_TYPE = YES_ERROR;
				GCC_WARN_UNDECLARED_SELECTOR = YES;
				GCC_WARN_UNINITIALIZED_AUTOS = YES_AGGRESSIVE;
				GCC_WARN_UNUSED_FUNCTION = YES;
				GCC_WARN_UNUSED_VARIABLE = YES;
				IPHONEOS_DEPLOYMENT_TARGET = 13.2;
				MTL_ENABLE_DEBUG_INFO = INCLUDE_SOURCE;
				MTL_FAST_MATH = YES;
				ONLY_ACTIVE_ARCH = YES;
				SDKROOT = iphoneos;
				SWIFT_ACTIVE_COMPILATION_CONDITIONS = DEBUG;
				SWIFT_OPTIMIZATION_LEVEL = "-Onone";
			};
			name = Debug;
		};
		01F858FB23B5104400DAD042 /* Release */ = {
			isa = XCBuildConfiguration;
			buildSettings = {
				ALWAYS_SEARCH_USER_PATHS = NO;
				CLANG_ANALYZER_NONNULL = YES;
				CLANG_ANALYZER_NUMBER_OBJECT_CONVERSION = YES_AGGRESSIVE;
				CLANG_CXX_LANGUAGE_STANDARD = "gnu++14";
				CLANG_CXX_LIBRARY = "libc++";
				CLANG_ENABLE_MODULES = YES;
				CLANG_ENABLE_OBJC_ARC = YES;
				CLANG_ENABLE_OBJC_WEAK = YES;
				CLANG_WARN_BLOCK_CAPTURE_AUTORELEASING = YES;
				CLANG_WARN_BOOL_CONVERSION = YES;
				CLANG_WARN_COMMA = YES;
				CLANG_WARN_CONSTANT_CONVERSION = YES;
				CLANG_WARN_DEPRECATED_OBJC_IMPLEMENTATIONS = YES;
				CLANG_WARN_DIRECT_OBJC_ISA_USAGE = YES_ERROR;
				CLANG_WARN_DOCUMENTATION_COMMENTS = YES;
				CLANG_WARN_EMPTY_BODY = YES;
				CLANG_WARN_ENUM_CONVERSION = YES;
				CLANG_WARN_INFINITE_RECURSION = YES;
				CLANG_WARN_INT_CONVERSION = YES;
				CLANG_WARN_NON_LITERAL_NULL_CONVERSION = YES;
				CLANG_WARN_OBJC_IMPLICIT_RETAIN_SELF = YES;
				CLANG_WARN_OBJC_LITERAL_CONVERSION = YES;
				CLANG_WARN_OBJC_ROOT_CLASS = YES_ERROR;
				CLANG_WARN_RANGE_LOOP_ANALYSIS = YES;
				CLANG_WARN_STRICT_PROTOTYPES = YES;
				CLANG_WARN_SUSPICIOUS_MOVE = YES;
				CLANG_WARN_UNGUARDED_AVAILABILITY = YES_AGGRESSIVE;
				CLANG_WARN_UNREACHABLE_CODE = YES;
				CLANG_WARN__DUPLICATE_METHOD_MATCH = YES;
				COPY_PHASE_STRIP = NO;
				DEBUG_INFORMATION_FORMAT = "dwarf-with-dsym";
				ENABLE_NS_ASSERTIONS = NO;
				ENABLE_STRICT_OBJC_MSGSEND = YES;
				GCC_C_LANGUAGE_STANDARD = gnu11;
				GCC_NO_COMMON_BLOCKS = YES;
				GCC_WARN_64_TO_32_BIT_CONVERSION = YES;
				GCC_WARN_ABOUT_RETURN_TYPE = YES_ERROR;
				GCC_WARN_UNDECLARED_SELECTOR = YES;
				GCC_WARN_UNINITIALIZED_AUTOS = YES_AGGRESSIVE;
				GCC_WARN_UNUSED_FUNCTION = YES;
				GCC_WARN_UNUSED_VARIABLE = YES;
				IPHONEOS_DEPLOYMENT_TARGET = 13.2;
				MTL_ENABLE_DEBUG_INFO = NO;
				MTL_FAST_MATH = YES;
				SDKROOT = iphoneos;
				SWIFT_COMPILATION_MODE = wholemodule;
				SWIFT_OPTIMIZATION_LEVEL = "-O";
				VALIDATE_PRODUCT = YES;
			};
			name = Release;
		};
		01F858FD23B5104400DAD042 /* Debug */ = {
			isa = XCBuildConfiguration;
			buildSettings = {
				ASSETCATALOG_COMPILER_APPICON_NAME = AppIcon;
				CODE_SIGN_STYLE = Automatic;
				INFOPLIST_FILE = PickerView/Info.plist;
				LD_RUNPATH_SEARCH_PATHS = (
					"$(inherited)",
					"@executable_path/Frameworks",
				);
				PRODUCT_BUNDLE_IDENTIFIER = Priya.PickerView;
				PRODUCT_NAME = "$(TARGET_NAME)";
				SWIFT_VERSION = 5.0;
				TARGETED_DEVICE_FAMILY = "1,2";
			};
			name = Debug;
		};
		01F858FE23B5104400DAD042 /* Release */ = {
			isa = XCBuildConfiguration;
			buildSettings = {
				ASSETCATALOG_COMPILER_APPICON_NAME = AppIcon;
				CODE_SIGN_STYLE = Automatic;
				INFOPLIST_FILE = PickerView/Info.plist;
				LD_RUNPATH_SEARCH_PATHS = (
					"$(inherited)",
					"@executable_path/Frameworks",
				);
				PRODUCT_BUNDLE_IDENTIFIER = Priya.PickerView;
				PRODUCT_NAME = "$(TARGET_NAME)";
				SWIFT_VERSION = 5.0;
				TARGETED_DEVICE_FAMILY = "1,2";
			};
			name = Release;
		};
		01F8590023B5104400DAD042 /* Debug */ = {
			isa = XCBuildConfiguration;
			buildSettings = {
				ALWAYS_EMBED_SWIFT_STANDARD_LIBRARIES = YES;
				BUNDLE_LOADER = "$(TEST_HOST)";
				CODE_SIGN_STYLE = Automatic;
				INFOPLIST_FILE = PickerViewTests/Info.plist;
				IPHONEOS_DEPLOYMENT_TARGET = 13.2;
				LD_RUNPATH_SEARCH_PATHS = (
					"$(inherited)",
					"@executable_path/Frameworks",
					"@loader_path/Frameworks",
				);
				PRODUCT_BUNDLE_IDENTIFIER = Priya.PickerViewTests;
				PRODUCT_NAME = "$(TARGET_NAME)";
				SWIFT_VERSION = 5.0;
				TARGETED_DEVICE_FAMILY = "1,2";
				TEST_HOST = "$(BUILT_PRODUCTS_DIR)/PickerView.app/PickerView";
			};
			name = Debug;
		};
		01F8590123B5104400DAD042 /* Release */ = {
			isa = XCBuildConfiguration;
			buildSettings = {
				ALWAYS_EMBED_SWIFT_STANDARD_LIBRARIES = YES;
				BUNDLE_LOADER = "$(TEST_HOST)";
				CODE_SIGN_STYLE = Automatic;
				INFOPLIST_FILE = PickerViewTests/Info.plist;
				IPHONEOS_DEPLOYMENT_TARGET = 13.2;
				LD_RUNPATH_SEARCH_PATHS = (
					"$(inherited)",
					"@executable_path/Frameworks",
					"@loader_path/Frameworks",
				);
				PRODUCT_BUNDLE_IDENTIFIER = Priya.PickerViewTests;
				PRODUCT_NAME = "$(TARGET_NAME)";
				SWIFT_VERSION = 5.0;
				TARGETED_DEVICE_FAMILY = "1,2";
				TEST_HOST = "$(BUILT_PRODUCTS_DIR)/PickerView.app/PickerView";
			};
			name = Release;
		};
		01F8590323B5104400DAD042 /* Debug */ = {
			isa = XCBuildConfiguration;
			buildSettings = {
				ALWAYS_EMBED_SWIFT_STANDARD_LIBRARIES = YES;
				CODE_SIGN_STYLE = Automatic;
				INFOPLIST_FILE = PickerViewUITests/Info.plist;
				LD_RUNPATH_SEARCH_PATHS = (
					"$(inherited)",
					"@executable_path/Frameworks",
					"@loader_path/Frameworks",
				);
				PRODUCT_BUNDLE_IDENTIFIER = Priya.PickerViewUITests;
				PRODUCT_NAME = "$(TARGET_NAME)";
				SWIFT_VERSION = 5.0;
				TARGETED_DEVICE_FAMILY = "1,2";
				TEST_TARGET_NAME = PickerView;
			};
			name = Debug;
		};
		01F8590423B5104400DAD042 /* Release */ = {
			isa = XCBuildConfiguration;
			buildSettings = {
				ALWAYS_EMBED_SWIFT_STANDARD_LIBRARIES = YES;
				CODE_SIGN_STYLE = Automatic;
				INFOPLIST_FILE = PickerViewUITests/Info.plist;
				LD_RUNPATH_SEARCH_PATHS = (
					"$(inherited)",
					"@executable_path/Frameworks",
					"@loader_path/Frameworks",
				);
				PRODUCT_BUNDLE_IDENTIFIER = Priya.PickerViewUITests;
				PRODUCT_NAME = "$(TARGET_NAME)";
				SWIFT_VERSION = 5.0;
				TARGETED_DEVICE_FAMILY = "1,2";
				TEST_TARGET_NAME = PickerView;
			};
			name = Release;
		};
/* End XCBuildConfiguration section */

/* Begin XCConfigurationList section */
		01F858CA23B5104300DAD042 /* Build configuration list for PBXProject "PickerView" */ = {
			isa = XCConfigurationList;
			buildConfigurations = (
				01F858FA23B5104400DAD042 /* Debug */,
				01F858FB23B5104400DAD042 /* Release */,
			);
			defaultConfigurationIsVisible = 0;
			defaultConfigurationName = Release;
		};
		01F858FC23B5104400DAD042 /* Build configuration list for PBXNativeTarget "PickerView" */ = {
			isa = XCConfigurationList;
			buildConfigurations = (
				01F858FD23B5104400DAD042 /* Debug */,
				01F858FE23B5104400DAD042 /* Release */,
			);
			defaultConfigurationIsVisible = 0;
			defaultConfigurationName = Release;
		};
		01F858FF23B5104400DAD042 /* Build configuration list for PBXNativeTarget "PickerViewTests" */ = {
			isa = XCConfigurationList;
			buildConfigurations = (
				01F8590023B5104400DAD042 /* Debug */,
				01F8590123B5104400DAD042 /* Release */,
			);
			defaultConfigurationIsVisible = 0;
			defaultConfigurationName = Release;
		};
		01F8590223B5104400DAD042 /* Build configuration list for PBXNativeTarget "PickerViewUITests" */ = {
			isa = XCConfigurationList;
			buildConfigurations = (
				01F8590323B5104400DAD042 /* Debug */,
				01F8590423B5104400DAD042 /* Release */,
			);
			defaultConfigurationIsVisible = 0;
			defaultConfigurationName = Release;
		};
/* End XCConfigurationList section */

/* Begin XCVersionGroup section */
		01F858DB23B5104300DAD042 /* PickerView.xcdatamodeld */ = {
			isa = XCVersionGroup;
			children = (
				01F858DC23B5104300DAD042 /* PickerView.xcdatamodel */,
			);
			currentVersion = 01F858DC23B5104300DAD042 /* PickerView.xcdatamodel */;
			path = PickerView.xcdatamodeld;
			sourceTree = "<group>";
			versionGroupType = wrapper.xcdatamodel;
		};
/* End XCVersionGroup section */
	};
	rootObject = 01F858C723B5104300DAD042 /* Project object */;
}
